// !$*UTF8*$!
{
	archiveVersion = 1;
	classes = {
	};
	objectVersion = 56;
	objects = {

/* Begin PBXBuildFile section */
		75B5B95A2987F90C0052C7FA /* AppDelegate.swift in Sources */ = {isa = PBXBuildFile; fileRef = 75B5B9592987F90C0052C7FA /* AppDelegate.swift */; };
		75B5B95C2987F90C0052C7FA /* SceneDelegate.swift in Sources */ = {isa = PBXBuildFile; fileRef = 75B5B95B2987F90C0052C7FA /* SceneDelegate.swift */; };
		75B5B95E2987F90C0052C7FA /* MainViewController.swift in Sources */ = {isa = PBXBuildFile; fileRef = 75B5B95D2987F90C0052C7FA /* MainViewController.swift */; };
		75B5B9632987F90D0052C7FA /* Assets.xcassets in Resources */ = {isa = PBXBuildFile; fileRef = 75B5B9622987F90D0052C7FA /* Assets.xcassets */; };
		75B5B9662987F90D0052C7FA /* LaunchScreen.storyboard in Resources */ = {isa = PBXBuildFile; fileRef = 75B5B9642987F90D0052C7FA /* LaunchScreen.storyboard */; };
		75B5B9812987FDC40052C7FA /* FeedItem.swift in Sources */ = {isa = PBXBuildFile; fileRef = 75B5B9802987FDC40052C7FA /* FeedItem.swift */; };
		75B5B9842987FF440052C7FA /* RemoteFeedLoader.swift in Sources */ = {isa = PBXBuildFile; fileRef = 75B5B9832987FF440052C7FA /* RemoteFeedLoader.swift */; };
		75B5B986298800360052C7FA /* RemoteFeedLoaderTests.swift in Sources */ = {isa = PBXBuildFile; fileRef = 75B5B985298800360052C7FA /* RemoteFeedLoaderTests.swift */; };
		75EAC56629884CB2003D9A9C /* HTTPClient.swift in Sources */ = {isa = PBXBuildFile; fileRef = 75EAC56529884CB2003D9A9C /* HTTPClient.swift */; };
		75EAC56829884D0B003D9A9C /* FeedItemsMapper.swift in Sources */ = {isa = PBXBuildFile; fileRef = 75EAC56729884D0B003D9A9C /* FeedItemsMapper.swift */; };
		75EAC56B29885728003D9A9C /* FeedLoader.swift in Sources */ = {isa = PBXBuildFile; fileRef = 75EAC56A29885728003D9A9C /* FeedLoader.swift */; };
/* End PBXBuildFile section */

/* Begin PBXContainerItemProxy section */
		75B5B97A2987FB330052C7FA /* PBXContainerItemProxy */ = {
			isa = PBXContainerItemProxy;
			containerPortal = 75B5B94E2987F90C0052C7FA /* Project object */;
			proxyType = 1;
			remoteGlobalIDString = 75B5B9552987F90C0052C7FA;
			remoteInfo = EssentialApp;
		};
/* End PBXContainerItemProxy section */

/* Begin PBXFileReference section */
		75B5B9562987F90C0052C7FA /* EssentialApp.app */ = {isa = PBXFileReference; explicitFileType = wrapper.application; includeInIndex = 0; path = EssentialApp.app; sourceTree = BUILT_PRODUCTS_DIR; };
		75B5B9592987F90C0052C7FA /* AppDelegate.swift */ = {isa = PBXFileReference; lastKnownFileType = sourcecode.swift; path = AppDelegate.swift; sourceTree = "<group>"; };
		75B5B95B2987F90C0052C7FA /* SceneDelegate.swift */ = {isa = PBXFileReference; lastKnownFileType = sourcecode.swift; path = SceneDelegate.swift; sourceTree = "<group>"; };
		75B5B95D2987F90C0052C7FA /* MainViewController.swift */ = {isa = PBXFileReference; lastKnownFileType = sourcecode.swift; path = MainViewController.swift; sourceTree = "<group>"; };
		75B5B9622987F90D0052C7FA /* Assets.xcassets */ = {isa = PBXFileReference; lastKnownFileType = folder.assetcatalog; path = Assets.xcassets; sourceTree = "<group>"; };
		75B5B9652987F90D0052C7FA /* Base */ = {isa = PBXFileReference; lastKnownFileType = file.storyboard; name = Base; path = Base.lproj/LaunchScreen.storyboard; sourceTree = "<group>"; };
		75B5B9672987F90D0052C7FA /* Info.plist */ = {isa = PBXFileReference; lastKnownFileType = text.plist.xml; path = Info.plist; sourceTree = "<group>"; };
		75B5B9762987FB330052C7FA /* EssentialAppTests.xctest */ = {isa = PBXFileReference; explicitFileType = wrapper.cfbundle; includeInIndex = 0; path = EssentialAppTests.xctest; sourceTree = BUILT_PRODUCTS_DIR; };
		75B5B9802987FDC40052C7FA /* FeedItem.swift */ = {isa = PBXFileReference; lastKnownFileType = sourcecode.swift; path = FeedItem.swift; sourceTree = "<group>"; };
		75B5B9832987FF440052C7FA /* RemoteFeedLoader.swift */ = {isa = PBXFileReference; lastKnownFileType = sourcecode.swift; path = RemoteFeedLoader.swift; sourceTree = "<group>"; };
		75B5B985298800360052C7FA /* RemoteFeedLoaderTests.swift */ = {isa = PBXFileReference; lastKnownFileType = sourcecode.swift; path = RemoteFeedLoaderTests.swift; sourceTree = "<group>"; };
		75EAC56529884CB2003D9A9C /* HTTPClient.swift */ = {isa = PBXFileReference; lastKnownFileType = sourcecode.swift; path = HTTPClient.swift; sourceTree = "<group>"; };
		75EAC56729884D0B003D9A9C /* FeedItemsMapper.swift */ = {isa = PBXFileReference; lastKnownFileType = sourcecode.swift; path = FeedItemsMapper.swift; sourceTree = "<group>"; };
		75EAC56A29885728003D9A9C /* FeedLoader.swift */ = {isa = PBXFileReference; lastKnownFileType = sourcecode.swift; path = FeedLoader.swift; sourceTree = "<group>"; };
/* End PBXFileReference section */

/* Begin PBXFrameworksBuildPhase section */
		75B5B9532987F90C0052C7FA /* Frameworks */ = {
			isa = PBXFrameworksBuildPhase;
			buildActionMask = 2147483647;
			files = (
			);
			runOnlyForDeploymentPostprocessing = 0;
		};
		75B5B9732987FB330052C7FA /* Frameworks */ = {
			isa = PBXFrameworksBuildPhase;
			buildActionMask = 2147483647;
			files = (
			);
			runOnlyForDeploymentPostprocessing = 0;
		};
/* End PBXFrameworksBuildPhase section */

/* Begin PBXGroup section */
		75B5B94D2987F90C0052C7FA = {
			isa = PBXGroup;
			children = (
				75B5B9582987F90C0052C7FA /* EssentialApp */,
				75B5B9772987FB330052C7FA /* EssentialAppTests */,
				75B5B9572987F90C0052C7FA /* Products */,
			);
			sourceTree = "<group>";
		};
		75B5B9572987F90C0052C7FA /* Products */ = {
			isa = PBXGroup;
			children = (
				75B5B9562987F90C0052C7FA /* EssentialApp.app */,
				75B5B9762987FB330052C7FA /* EssentialAppTests.xctest */,
			);
			name = Products;
			sourceTree = "<group>";
		};
		75B5B9582987F90C0052C7FA /* EssentialApp */ = {
			isa = PBXGroup;
			children = (
				75B5B9822987FF3A0052C7FA /* Util(Feed API) */,
				75B5B97F2987FDBB0052C7FA /* Model */,
				75B5B96E2987FA120052C7FA /* Module */,
				75B5B96D2987F9F50052C7FA /* Supporting files */,
			);
			path = EssentialApp;
			sourceTree = "<group>";
		};
		75B5B96D2987F9F50052C7FA /* Supporting files */ = {
			isa = PBXGroup;
			children = (
				75B5B9592987F90C0052C7FA /* AppDelegate.swift */,
				75B5B95B2987F90C0052C7FA /* SceneDelegate.swift */,
				75B5B9622987F90D0052C7FA /* Assets.xcassets */,
				75B5B9672987F90D0052C7FA /* Info.plist */,
			);
			path = "Supporting files";
			sourceTree = "<group>";
		};
		75B5B96E2987FA120052C7FA /* Module */ = {
			isa = PBXGroup;
			children = (
				75B5B96F2987FA1A0052C7FA /* Launch */,
				75B5B9702987FA210052C7FA /* Main */,
			);
			path = Module;
			sourceTree = "<group>";
		};
		75B5B96F2987FA1A0052C7FA /* Launch */ = {
			isa = PBXGroup;
			children = (
				75B5B9642987F90D0052C7FA /* LaunchScreen.storyboard */,
			);
			path = Launch;
			sourceTree = "<group>";
		};
		75B5B9702987FA210052C7FA /* Main */ = {
			isa = PBXGroup;
			children = (
				75B5B95D2987F90C0052C7FA /* MainViewController.swift */,
			);
			path = Main;
			sourceTree = "<group>";
		};
		75B5B9772987FB330052C7FA /* EssentialAppTests */ = {
			isa = PBXGroup;
			children = (
				75EAC56929885645003D9A9C /* Util(Feed API) */,
			);
			path = EssentialAppTests;
			sourceTree = "<group>";
		};
		75B5B97F2987FDBB0052C7FA /* Model */ = {
			isa = PBXGroup;
			children = (
				75B5B9802987FDC40052C7FA /* FeedItem.swift */,
				75EAC56A29885728003D9A9C /* FeedLoader.swift */,
			);
			path = Model;
			sourceTree = "<group>";
		};
		75B5B9822987FF3A0052C7FA /* Util(Feed API) */ = {
			isa = PBXGroup;
			children = (
				75B5B9832987FF440052C7FA /* RemoteFeedLoader.swift */,
				75EAC56729884D0B003D9A9C /* FeedItemsMapper.swift */,
				75EAC56529884CB2003D9A9C /* HTTPClient.swift */,
			);
			path = "Util(Feed API)";
			sourceTree = "<group>";
		};
		75EAC56929885645003D9A9C /* Util(Feed API) */ = {
			isa = PBXGroup;
			children = (
				75B5B985298800360052C7FA /* RemoteFeedLoaderTests.swift */,
			);
			name = "Util(Feed API)";
			sourceTree = "<group>";
		};
/* End PBXGroup section */

/* Begin PBXNativeTarget section */
		75B5B9552987F90C0052C7FA /* EssentialApp */ = {
			isa = PBXNativeTarget;
			buildConfigurationList = 75B5B96A2987F90D0052C7FA /* Build configuration list for PBXNativeTarget "EssentialApp" */;
			buildPhases = (
				75B5B9522987F90C0052C7FA /* Sources */,
				75B5B9532987F90C0052C7FA /* Frameworks */,
				75B5B9542987F90C0052C7FA /* Resources */,
				75B5B9712987FABB0052C7FA /* SwiftLint */,
			);
			buildRules = (
			);
			dependencies = (
			);
			name = EssentialApp;
			productName = EssentialApp;
			productReference = 75B5B9562987F90C0052C7FA /* EssentialApp.app */;
			productType = "com.apple.product-type.application";
		};
		75B5B9752987FB330052C7FA /* EssentialAppTests */ = {
			isa = PBXNativeTarget;
			buildConfigurationList = 75B5B97C2987FB330052C7FA /* Build configuration list for PBXNativeTarget "EssentialAppTests" */;
			buildPhases = (
				75B5B9722987FB330052C7FA /* Sources */,
				75B5B9732987FB330052C7FA /* Frameworks */,
				75B5B9742987FB330052C7FA /* Resources */,
			);
			buildRules = (
			);
			dependencies = (
				75B5B97B2987FB330052C7FA /* PBXTargetDependency */,
			);
			name = EssentialAppTests;
			productName = EssentialAppTests;
			productReference = 75B5B9762987FB330052C7FA /* EssentialAppTests.xctest */;
			productType = "com.apple.product-type.bundle.unit-test";
		};
/* End PBXNativeTarget section */

/* Begin PBXProject section */
		75B5B94E2987F90C0052C7FA /* Project object */ = {
			isa = PBXProject;
			attributes = {
				BuildIndependentTargetsInParallel = 1;
				LastSwiftUpdateCheck = 1420;
				LastUpgradeCheck = 1420;
				TargetAttributes = {
					75B5B9552987F90C0052C7FA = {
						CreatedOnToolsVersion = 14.2;
					};
					75B5B9752987FB330052C7FA = {
						CreatedOnToolsVersion = 14.2;
						TestTargetID = 75B5B9552987F90C0052C7FA;
					};
				};
			};
			buildConfigurationList = 75B5B9512987F90C0052C7FA /* Build configuration list for PBXProject "EssentialApp" */;
			compatibilityVersion = "Xcode 14.0";
			developmentRegion = en;
			hasScannedForEncodings = 0;
			knownRegions = (
				en,
				Base,
			);
			mainGroup = 75B5B94D2987F90C0052C7FA;
			productRefGroup = 75B5B9572987F90C0052C7FA /* Products */;
			projectDirPath = "";
			projectRoot = "";
			targets = (
				75B5B9552987F90C0052C7FA /* EssentialApp */,
				75B5B9752987FB330052C7FA /* EssentialAppTests */,
			);
		};
/* End PBXProject section */

/* Begin PBXResourcesBuildPhase section */
		75B5B9542987F90C0052C7FA /* Resources */ = {
			isa = PBXResourcesBuildPhase;
			buildActionMask = 2147483647;
			files = (
				75B5B9662987F90D0052C7FA /* LaunchScreen.storyboard in Resources */,
				75B5B9632987F90D0052C7FA /* Assets.xcassets in Resources */,
			);
			runOnlyForDeploymentPostprocessing = 0;
		};
		75B5B9742987FB330052C7FA /* Resources */ = {
			isa = PBXResourcesBuildPhase;
			buildActionMask = 2147483647;
			files = (
			);
			runOnlyForDeploymentPostprocessing = 0;
		};
/* End PBXResourcesBuildPhase section */

/* Begin PBXShellScriptBuildPhase section */
		75B5B9712987FABB0052C7FA /* SwiftLint */ = {
			isa = PBXShellScriptBuildPhase;
			alwaysOutOfDate = 1;
			buildActionMask = 2147483647;
			files = (
			);
			inputFileListPaths = (
			);
			inputPaths = (
			);
			name = SwiftLint;
			outputFileListPaths = (
			);
			outputPaths = (
			);
			runOnlyForDeploymentPostprocessing = 0;
			shellPath = /bin/sh;
			shellScript = "export PATH=\"$PATH:/opt/homebrew/bin\"\nif which swiftlint > /dev/null; then\n  swiftlint\nelse\n  echo \"warning: SwiftLint not installed, download from https://github.com/realm/SwiftLint\"\nfi\n";
		};
/* End PBXShellScriptBuildPhase section */

/* Begin PBXSourcesBuildPhase section */
		75B5B9522987F90C0052C7FA /* Sources */ = {
			isa = PBXSourcesBuildPhase;
			buildActionMask = 2147483647;
			files = (
				75B5B9812987FDC40052C7FA /* FeedItem.swift in Sources */,
				75B5B95E2987F90C0052C7FA /* MainViewController.swift in Sources */,
				75EAC56629884CB2003D9A9C /* HTTPClient.swift in Sources */,
				75B5B95A2987F90C0052C7FA /* AppDelegate.swift in Sources */,
				75B5B9842987FF440052C7FA /* RemoteFeedLoader.swift in Sources */,
				75B5B95C2987F90C0052C7FA /* SceneDelegate.swift in Sources */,
				75EAC56B29885728003D9A9C /* FeedLoader.swift in Sources */,
				75EAC56829884D0B003D9A9C /* FeedItemsMapper.swift in Sources */,
			);
			runOnlyForDeploymentPostprocessing = 0;
		};
		75B5B9722987FB330052C7FA /* Sources */ = {
			isa = PBXSourcesBuildPhase;
			buildActionMask = 2147483647;
			files = (
				75B5B986298800360052C7FA /* RemoteFeedLoaderTests.swift in Sources */,
			);
			runOnlyForDeploymentPostprocessing = 0;
		};
/* End PBXSourcesBuildPhase section */

/* Begin PBXTargetDependency section */
		75B5B97B2987FB330052C7FA /* PBXTargetDependency */ = {
			isa = PBXTargetDependency;
			target = 75B5B9552987F90C0052C7FA /* EssentialApp */;
			targetProxy = 75B5B97A2987FB330052C7FA /* PBXContainerItemProxy */;
		};
/* End PBXTargetDependency section */

/* Begin PBXVariantGroup section */
		75B5B9642987F90D0052C7FA /* LaunchScreen.storyboard */ = {
			isa = PBXVariantGroup;
			children = (
				75B5B9652987F90D0052C7FA /* Base */,
			);
			name = LaunchScreen.storyboard;
			sourceTree = "<group>";
		};
/* End PBXVariantGroup section */

/* Begin XCBuildConfiguration section */
		75B5B9682987F90D0052C7FA /* Debug */ = {
			isa = XCBuildConfiguration;
			buildSettings = {
				ALWAYS_SEARCH_USER_PATHS = NO;
				CLANG_ANALYZER_NONNULL = YES;
				CLANG_ANALYZER_NUMBER_OBJECT_CONVERSION = YES_AGGRESSIVE;
				CLANG_CXX_LANGUAGE_STANDARD = "gnu++20";
				CLANG_ENABLE_MODULES = YES;
				CLANG_ENABLE_OBJC_ARC = YES;
				CLANG_ENABLE_OBJC_WEAK = YES;
				CLANG_WARN_BLOCK_CAPTURE_AUTORELEASING = YES;
				CLANG_WARN_BOOL_CONVERSION = YES;
				CLANG_WARN_COMMA = YES;
				CLANG_WARN_CONSTANT_CONVERSION = YES;
				CLANG_WARN_DEPRECATED_OBJC_IMPLEMENTATIONS = YES;
				CLANG_WARN_DIRECT_OBJC_ISA_USAGE = YES_ERROR;
				CLANG_WARN_DOCUMENTATION_COMMENTS = YES;
				CLANG_WARN_EMPTY_BODY = YES;
				CLANG_WARN_ENUM_CONVERSION = YES;
				CLANG_WARN_INFINITE_RECURSION = YES;
				CLANG_WARN_INT_CONVERSION = YES;
				CLANG_WARN_NON_LITERAL_NULL_CONVERSION = YES;
				CLANG_WARN_OBJC_IMPLICIT_RETAIN_SELF = YES;
				CLANG_WARN_OBJC_LITERAL_CONVERSION = YES;
				CLANG_WARN_OBJC_ROOT_CLASS = YES_ERROR;
				CLANG_WARN_QUOTED_INCLUDE_IN_FRAMEWORK_HEADER = YES;
				CLANG_WARN_RANGE_LOOP_ANALYSIS = YES;
				CLANG_WARN_STRICT_PROTOTYPES = YES;
				CLANG_WARN_SUSPICIOUS_MOVE = YES;
				CLANG_WARN_UNGUARDED_AVAILABILITY = YES_AGGRESSIVE;
				CLANG_WARN_UNREACHABLE_CODE = YES;
				CLANG_WARN__DUPLICATE_METHOD_MATCH = YES;
				COPY_PHASE_STRIP = NO;
				DEBUG_INFORMATION_FORMAT = dwarf;
				ENABLE_STRICT_OBJC_MSGSEND = YES;
				ENABLE_TESTABILITY = YES;
				GCC_C_LANGUAGE_STANDARD = gnu11;
				GCC_DYNAMIC_NO_PIC = NO;
				GCC_NO_COMMON_BLOCKS = YES;
				GCC_OPTIMIZATION_LEVEL = 0;
				GCC_PREPROCESSOR_DEFINITIONS = (
					"DEBUG=1",
					"$(inherited)",
				);
				GCC_WARN_64_TO_32_BIT_CONVERSION = YES;
				GCC_WARN_ABOUT_RETURN_TYPE = YES_ERROR;
				GCC_WARN_UNDECLARED_SELECTOR = YES;
				GCC_WARN_UNINITIALIZED_AUTOS = YES_AGGRESSIVE;
				GCC_WARN_UNUSED_FUNCTION = YES;
				GCC_WARN_UNUSED_VARIABLE = YES;
				IPHONEOS_DEPLOYMENT_TARGET = 13.0;
				MTL_ENABLE_DEBUG_INFO = INCLUDE_SOURCE;
				MTL_FAST_MATH = YES;
				ONLY_ACTIVE_ARCH = YES;
				SDKROOT = iphoneos;
				SWIFT_ACTIVE_COMPILATION_CONDITIONS = DEBUG;
				SWIFT_OPTIMIZATION_LEVEL = "-Onone";
			};
			name = Debug;
		};
		75B5B9692987F90D0052C7FA /* Release */ = {
			isa = XCBuildConfiguration;
			buildSettings = {
				ALWAYS_SEARCH_USER_PATHS = NO;
				CLANG_ANALYZER_NONNULL = YES;
				CLANG_ANALYZER_NUMBER_OBJECT_CONVERSION = YES_AGGRESSIVE;
				CLANG_CXX_LANGUAGE_STANDARD = "gnu++20";
				CLANG_ENABLE_MODULES = YES;
				CLANG_ENABLE_OBJC_ARC = YES;
				CLANG_ENABLE_OBJC_WEAK = YES;
				CLANG_WARN_BLOCK_CAPTURE_AUTORELEASING = YES;
				CLANG_WARN_BOOL_CONVERSION = YES;
				CLANG_WARN_COMMA = YES;
				CLANG_WARN_CONSTANT_CONVERSION = YES;
				CLANG_WARN_DEPRECATED_OBJC_IMPLEMENTATIONS = YES;
				CLANG_WARN_DIRECT_OBJC_ISA_USAGE = YES_ERROR;
				CLANG_WARN_DOCUMENTATION_COMMENTS = YES;
				CLANG_WARN_EMPTY_BODY = YES;
				CLANG_WARN_ENUM_CONVERSION = YES;
				CLANG_WARN_INFINITE_RECURSION = YES;
				CLANG_WARN_INT_CONVERSION = YES;
				CLANG_WARN_NON_LITERAL_NULL_CONVERSION = YES;
				CLANG_WARN_OBJC_IMPLICIT_RETAIN_SELF = YES;
				CLANG_WARN_OBJC_LITERAL_CONVERSION = YES;
				CLANG_WARN_OBJC_ROOT_CLASS = YES_ERROR;
				CLANG_WARN_QUOTED_INCLUDE_IN_FRAMEWORK_HEADER = YES;
				CLANG_WARN_RANGE_LOOP_ANALYSIS = YES;
				CLANG_WARN_STRICT_PROTOTYPES = YES;
				CLANG_WARN_SUSPICIOUS_MOVE = YES;
				CLANG_WARN_UNGUARDED_AVAILABILITY = YES_AGGRESSIVE;
				CLANG_WARN_UNREACHABLE_CODE = YES;
				CLANG_WARN__DUPLICATE_METHOD_MATCH = YES;
				COPY_PHASE_STRIP = NO;
				DEBUG_INFORMATION_FORMAT = "dwarf-with-dsym";
				ENABLE_NS_ASSERTIONS = NO;
				ENABLE_STRICT_OBJC_MSGSEND = YES;
				GCC_C_LANGUAGE_STANDARD = gnu11;
				GCC_NO_COMMON_BLOCKS = YES;
				GCC_WARN_64_TO_32_BIT_CONVERSION = YES;
				GCC_WARN_ABOUT_RETURN_TYPE = YES_ERROR;
				GCC_WARN_UNDECLARED_SELECTOR = YES;
				GCC_WARN_UNINITIALIZED_AUTOS = YES_AGGRESSIVE;
				GCC_WARN_UNUSED_FUNCTION = YES;
				GCC_WARN_UNUSED_VARIABLE = YES;
				IPHONEOS_DEPLOYMENT_TARGET = 13.0;
				MTL_ENABLE_DEBUG_INFO = NO;
				MTL_FAST_MATH = YES;
				SDKROOT = iphoneos;
				SWIFT_COMPILATION_MODE = wholemodule;
				SWIFT_OPTIMIZATION_LEVEL = "-O";
				VALIDATE_PRODUCT = YES;
			};
			name = Release;
		};
		75B5B96B2987F90D0052C7FA /* Debug */ = {
			isa = XCBuildConfiguration;
			buildSettings = {
				ASSETCATALOG_COMPILER_APPICON_NAME = AppIcon;
				ASSETCATALOG_COMPILER_GLOBAL_ACCENT_COLOR_NAME = AccentColor;
				CODE_SIGN_STYLE = Automatic;
				CURRENT_PROJECT_VERSION = 1;
				GENERATE_INFOPLIST_FILE = YES;
				INFOPLIST_FILE = "EssentialApp/Supporting files/Info.plist";
				INFOPLIST_KEY_UIApplicationSupportsIndirectInputEvents = YES;
				INFOPLIST_KEY_UILaunchStoryboardName = LaunchScreen;
				INFOPLIST_KEY_UISupportedInterfaceOrientations = UIInterfaceOrientationPortrait;
				INFOPLIST_KEY_UISupportedInterfaceOrientations_iPad = "UIInterfaceOrientationLandscapeLeft UIInterfaceOrientationLandscapeRight UIInterfaceOrientationPortrait UIInterfaceOrientationPortraitUpsideDown";
				IPHONEOS_DEPLOYMENT_TARGET = 13.0;
				LD_RUNPATH_SEARCH_PATHS = (
					"$(inherited)",
					"@executable_path/Frameworks",
				);
				MARKETING_VERSION = 1.0;
				PRODUCT_BUNDLE_IDENTIFIER = com.temptempest.essentialapp.EssentialApp;
				PRODUCT_NAME = "$(TARGET_NAME)";
				SUPPORTED_PLATFORMS = "iphoneos iphonesimulator";
				SUPPORTS_MACCATALYST = NO;
				SUPPORTS_MAC_DESIGNED_FOR_IPHONE_IPAD = NO;
				SWIFT_EMIT_LOC_STRINGS = YES;
				SWIFT_VERSION = 5.0;
				TARGETED_DEVICE_FAMILY = 1;
			};
			name = Debug;
		};
		75B5B96C2987F90D0052C7FA /* Release */ = {
			isa = XCBuildConfiguration;
			buildSettings = {
				ASSETCATALOG_COMPILER_APPICON_NAME = AppIcon;
				ASSETCATALOG_COMPILER_GLOBAL_ACCENT_COLOR_NAME = AccentColor;
				CODE_SIGN_STYLE = Automatic;
				CURRENT_PROJECT_VERSION = 1;
				GENERATE_INFOPLIST_FILE = YES;
				INFOPLIST_FILE = "EssentialApp/Supporting files/Info.plist";
				INFOPLIST_KEY_UIApplicationSupportsIndirectInputEvents = YES;
				INFOPLIST_KEY_UILaunchStoryboardName = LaunchScreen;
				INFOPLIST_KEY_UISupportedInterfaceOrientations = UIInterfaceOrientationPortrait;
				INFOPLIST_KEY_UISupportedInterfaceOrientations_iPad = "UIInterfaceOrientationLandscapeLeft UIInterfaceOrientationLandscapeRight UIInterfaceOrientationPortrait UIInterfaceOrientationPortraitUpsideDown";
				IPHONEOS_DEPLOYMENT_TARGET = 13.0;
				LD_RUNPATH_SEARCH_PATHS = (
					"$(inherited)",
					"@executable_path/Frameworks",
				);
				MARKETING_VERSION = 1.0;
				PRODUCT_BUNDLE_IDENTIFIER = com.temptempest.essentialapp.EssentialApp;
				PRODUCT_NAME = "$(TARGET_NAME)";
				SUPPORTED_PLATFORMS = "iphoneos iphonesimulator";
				SUPPORTS_MACCATALYST = NO;
				SUPPORTS_MAC_DESIGNED_FOR_IPHONE_IPAD = NO;
				SWIFT_EMIT_LOC_STRINGS = YES;
				SWIFT_VERSION = 5.0;
				TARGETED_DEVICE_FAMILY = 1;
			};
			name = Release;
		};
		75B5B97D2987FB330052C7FA /* Debug */ = {
			isa = XCBuildConfiguration;
			buildSettings = {
				BUNDLE_LOADER = "$(TEST_HOST)";
				CODE_SIGN_STYLE = Automatic;
				CURRENT_PROJECT_VERSION = 1;
				GENERATE_INFOPLIST_FILE = YES;
				IPHONEOS_DEPLOYMENT_TARGET = 13.0;
				MARKETING_VERSION = 1.0;
				PRODUCT_BUNDLE_IDENTIFIER = com.temptempest.essentialapp.EssentialAppTests;
				PRODUCT_NAME = "$(TARGET_NAME)";
				SUPPORTED_PLATFORMS = "iphoneos iphonesimulator";
				SUPPORTS_MACCATALYST = NO;
				SUPPORTS_MAC_DESIGNED_FOR_IPHONE_IPAD = NO;
				SWIFT_EMIT_LOC_STRINGS = NO;
				SWIFT_VERSION = 5.0;
				TARGETED_DEVICE_FAMILY = 1;
				TEST_HOST = "$(BUILT_PRODUCTS_DIR)/EssentialApp.app/$(BUNDLE_EXECUTABLE_FOLDER_PATH)/EssentialApp";
			};
			name = Debug;
		};
		75B5B97E2987FB330052C7FA /* Release */ = {
			isa = XCBuildConfiguration;
			buildSettings = {
				BUNDLE_LOADER = "$(TEST_HOST)";
				CODE_SIGN_STYLE = Automatic;
				CURRENT_PROJECT_VERSION = 1;
				GENERATE_INFOPLIST_FILE = YES;
				IPHONEOS_DEPLOYMENT_TARGET = 13.0;
				MARKETING_VERSION = 1.0;
				PRODUCT_BUNDLE_IDENTIFIER = com.temptempest.essentialapp.EssentialAppTests;
				PRODUCT_NAME = "$(TARGET_NAME)";
				SUPPORTED_PLATFORMS = "iphoneos iphonesimulator";
				SUPPORTS_MACCATALYST = NO;
				SUPPORTS_MAC_DESIGNED_FOR_IPHONE_IPAD = NO;
				SWIFT_EMIT_LOC_STRINGS = NO;
				SWIFT_VERSION = 5.0;
				TARGETED_DEVICE_FAMILY = 1;
				TEST_HOST = "$(BUILT_PRODUCTS_DIR)/EssentialApp.app/$(BUNDLE_EXECUTABLE_FOLDER_PATH)/EssentialApp";
			};
			name = Release;
		};
/* End XCBuildConfiguration section */

/* Begin XCConfigurationList section */
		75B5B9512987F90C0052C7FA /* Build configuration list for PBXProject "EssentialApp" */ = {
			isa = XCConfigurationList;
			buildConfigurations = (
				75B5B9682987F90D0052C7FA /* Debug */,
				75B5B9692987F90D0052C7FA /* Release */,
			);
			defaultConfigurationIsVisible = 0;
			defaultConfigurationName = Release;
		};
		75B5B96A2987F90D0052C7FA /* Build configuration list for PBXNativeTarget "EssentialApp" */ = {
			isa = XCConfigurationList;
			buildConfigurations = (
				75B5B96B2987F90D0052C7FA /* Debug */,
				75B5B96C2987F90D0052C7FA /* Release */,
			);
			defaultConfigurationIsVisible = 0;
			defaultConfigurationName = Release;
		};
		75B5B97C2987FB330052C7FA /* Build configuration list for PBXNativeTarget "EssentialAppTests" */ = {
			isa = XCConfigurationList;
			buildConfigurations = (
				75B5B97D2987FB330052C7FA /* Debug */,
				75B5B97E2987FB330052C7FA /* Release */,
			);
			defaultConfigurationIsVisible = 0;
			defaultConfigurationName = Release;
		};
/* End XCConfigurationList section */
	};
	rootObject = 75B5B94E2987F90C0052C7FA /* Project object */;
}
